// !$*UTF8*$!
{
	archiveVersion = 1;
	classes = {
	};
	objectVersion = 46;
	objects = {

/* Begin PBXBuildFile section */
		B2D7BDAB1480D6630007681C /* UIKit.framework in Frameworks */ = {isa = PBXBuildFile; fileRef = B2D7BDAA1480D6630007681C /* UIKit.framework */; };
		B2D7BDAD1480D6630007681C /* Foundation.framework in Frameworks */ = {isa = PBXBuildFile; fileRef = B2D7BDAC1480D6630007681C /* Foundation.framework */; };
		B2D7BDAF1480D6630007681C /* CoreGraphics.framework in Frameworks */ = {isa = PBXBuildFile; fileRef = B2D7BDAE1480D6630007681C /* CoreGraphics.framework */; };
		B2D7BDB51480D6630007681C /* InfoPlist.strings in Resources */ = {isa = PBXBuildFile; fileRef = B2D7BDB31480D6630007681C /* InfoPlist.strings */; };
		B2D7BDB71480D6630007681C /* main.m in Sources */ = {isa = PBXBuildFile; fileRef = B2D7BDB61480D6630007681C /* main.m */; };
		B2D7BDBB1480D6630007681C /* AppDelegate.m in Sources */ = {isa = PBXBuildFile; fileRef = B2D7BDBA1480D6630007681C /* AppDelegate.m */; };
		B2D7BDBE1480D6630007681C /* ViewController.m in Sources */ = {isa = PBXBuildFile; fileRef = B2D7BDBD1480D6630007681C /* ViewController.m */; };
		B2D7BDC11480D6640007681C /* ViewController.xib in Resources */ = {isa = PBXBuildFile; fileRef = B2D7BDBF1480D6640007681C /* ViewController.xib */; };
		B2D7BDC91480D6640007681C /* SenTestingKit.framework in Frameworks */ = {isa = PBXBuildFile; fileRef = B2D7BDC81480D6640007681C /* SenTestingKit.framework */; };
		B2D7BDCA1480D6640007681C /* UIKit.framework in Frameworks */ = {isa = PBXBuildFile; fileRef = B2D7BDAA1480D6630007681C /* UIKit.framework */; };
		B2D7BDCB1480D6640007681C /* Foundation.framework in Frameworks */ = {isa = PBXBuildFile; fileRef = B2D7BDAC1480D6630007681C /* Foundation.framework */; };
		B2D7BDD31480D6640007681C /* InfoPlist.strings in Resources */ = {isa = PBXBuildFile; fileRef = B2D7BDD11480D6640007681C /* InfoPlist.strings */; };
		B2D7BDD61480D6640007681C /* Sample3Tests.m in Sources */ = {isa = PBXBuildFile; fileRef = B2D7BDD51480D6640007681C /* Sample3Tests.m */; };
/* End PBXBuildFile section */

/* Begin PBXContainerItemProxy section */
		B2D7BDCC1480D6640007681C /* PBXContainerItemProxy */ = {
			isa = PBXContainerItemProxy;
			containerPortal = B2D7BD9D1480D6630007681C /* Project object */;
			proxyType = 1;
			remoteGlobalIDString = B2D7BDA51480D6630007681C;
			remoteInfo = Sample3;
		};
/* End PBXContainerItemProxy section */

/* Begin PBXFileReference section */
		B2D7BDA61480D6630007681C /* Sample3.app */ = {isa = PBXFileReference; explicitFileType = wrapper.application; includeInIndex = 0; path = Sample3.app; sourceTree = BUILT_PRODUCTS_DIR; };
		B2D7BDAA1480D6630007681C /* UIKit.framework */ = {isa = PBXFileReference; lastKnownFileType = wrapper.framework; name = UIKit.framework; path = System/Library/Frameworks/UIKit.framework; sourceTree = SDKROOT; };
		B2D7BDAC1480D6630007681C /* Foundation.framework */ = {isa = PBXFileReference; lastKnownFileType = wrapper.framework; name = Foundation.framework; path = System/Library/Frameworks/Foundation.framework; sourceTree = SDKROOT; };
		B2D7BDAE1480D6630007681C /* CoreGraphics.framework */ = {isa = PBXFileReference; lastKnownFileType = wrapper.framework; name = CoreGraphics.framework; path = System/Library/Frameworks/CoreGraphics.framework; sourceTree = SDKROOT; };
		B2D7BDB21480D6630007681C /* Sample3-Info.plist */ = {isa = PBXFileReference; lastKnownFileType = text.plist.xml; path = "Sample3-Info.plist"; sourceTree = "<group>"; };
		B2D7BDB41480D6630007681C /* en */ = {isa = PBXFileReference; lastKnownFileType = text.plist.strings; name = en; path = en.lproj/InfoPlist.strings; sourceTree = "<group>"; };
		B2D7BDB61480D6630007681C /* main.m */ = {isa = PBXFileReference; lastKnownFileType = sourcecode.c.objc; path = main.m; sourceTree = "<group>"; };
		B2D7BDB81480D6630007681C /* Sample3-Prefix.pch */ = {isa = PBXFileReference; lastKnownFileType = sourcecode.c.h; path = "Sample3-Prefix.pch"; sourceTree = "<group>"; };
		B2D7BDB91480D6630007681C /* AppDelegate.h */ = {isa = PBXFileReference; lastKnownFileType = sourcecode.c.h; path = AppDelegate.h; sourceTree = "<group>"; };
		B2D7BDBA1480D6630007681C /* AppDelegate.m */ = {isa = PBXFileReference; lastKnownFileType = sourcecode.c.objc; path = AppDelegate.m; sourceTree = "<group>"; };
		B2D7BDBC1480D6630007681C /* ViewController.h */ = {isa = PBXFileReference; lastKnownFileType = sourcecode.c.h; path = ViewController.h; sourceTree = "<group>"; };
		B2D7BDBD1480D6630007681C /* ViewController.m */ = {isa = PBXFileReference; lastKnownFileType = sourcecode.c.objc; path = ViewController.m; sourceTree = "<group>"; };
		B2D7BDC01480D6640007681C /* en */ = {isa = PBXFileReference; lastKnownFileType = file.xib; name = en; path = en.lproj/ViewController.xib; sourceTree = "<group>"; };
		B2D7BDC71480D6640007681C /* Sample3Tests.octest */ = {isa = PBXFileReference; explicitFileType = wrapper.cfbundle; includeInIndex = 0; path = Sample3Tests.octest; sourceTree = BUILT_PRODUCTS_DIR; };
		B2D7BDC81480D6640007681C /* SenTestingKit.framework */ = {isa = PBXFileReference; lastKnownFileType = wrapper.framework; name = SenTestingKit.framework; path = Library/Frameworks/SenTestingKit.framework; sourceTree = DEVELOPER_DIR; };
		B2D7BDD01480D6640007681C /* Sample3Tests-Info.plist */ = {isa = PBXFileReference; lastKnownFileType = text.plist.xml; path = "Sample3Tests-Info.plist"; sourceTree = "<group>"; };
		B2D7BDD21480D6640007681C /* en */ = {isa = PBXFileReference; lastKnownFileType = text.plist.strings; name = en; path = en.lproj/InfoPlist.strings; sourceTree = "<group>"; };
		B2D7BDD41480D6640007681C /* Sample3Tests.h */ = {isa = PBXFileReference; lastKnownFileType = sourcecode.c.h; path = Sample3Tests.h; sourceTree = "<group>"; };
		B2D7BDD51480D6640007681C /* Sample3Tests.m */ = {isa = PBXFileReference; lastKnownFileType = sourcecode.c.objc; path = Sample3Tests.m; sourceTree = "<group>"; };
/* End PBXFileReference section */

/* Begin PBXFrameworksBuildPhase section */
		B2D7BDA31480D6630007681C /* Frameworks */ = {
			isa = PBXFrameworksBuildPhase;
			buildActionMask = 2147483647;
			files = (
				B2D7BDAB1480D6630007681C /* UIKit.framework in Frameworks */,
				B2D7BDAD1480D6630007681C /* Foundation.framework in Frameworks */,
				B2D7BDAF1480D6630007681C /* CoreGraphics.framework in Frameworks */,
			);
			runOnlyForDeploymentPostprocessing = 0;
		};
		B2D7BDC31480D6640007681C /* Frameworks */ = {
			isa = PBXFrameworksBuildPhase;
			buildActionMask = 2147483647;
			files = (
				B2D7BDC91480D6640007681C /* SenTestingKit.framework in Frameworks */,
				B2D7BDCA1480D6640007681C /* UIKit.framework in Frameworks */,
				B2D7BDCB1480D6640007681C /* Foundation.framework in Frameworks */,
			);
			runOnlyForDeploymentPostprocessing = 0;
		};
/* End PBXFrameworksBuildPhase section */

/* Begin PBXGroup section */
		B2D7BD9B1480D6630007681C = {
			isa = PBXGroup;
			children = (
				B2D7BDB01480D6630007681C /* Sample3 */,
				B2D7BDCE1480D6640007681C /* Sample3Tests */,
				B2D7BDA91480D6630007681C /* Frameworks */,
				B2D7BDA71480D6630007681C /* Products */,
			);
			sourceTree = "<group>";
		};
		B2D7BDA71480D6630007681C /* Products */ = {
			isa = PBXGroup;
			children = (
				B2D7BDA61480D6630007681C /* Sample3.app */,
				B2D7BDC71480D6640007681C /* Sample3Tests.octest */,
			);
			name = Products;
			sourceTree = "<group>";
		};
		B2D7BDA91480D6630007681C /* Frameworks */ = {
			isa = PBXGroup;
			children = (
				B2D7BDAA1480D6630007681C /* UIKit.framework */,
				B2D7BDAC1480D6630007681C /* Foundation.framework */,
				B2D7BDAE1480D6630007681C /* CoreGraphics.framework */,
				B2D7BDC81480D6640007681C /* SenTestingKit.framework */,
			);
			name = Frameworks;
			sourceTree = "<group>";
		};
		B2D7BDB01480D6630007681C /* Sample3 */ = {
			isa = PBXGroup;
			children = (
				B2D7BDB91480D6630007681C /* AppDelegate.h */,
				B2D7BDBA1480D6630007681C /* AppDelegate.m */,
				B2D7BDBC1480D6630007681C /* ViewController.h */,
				B2D7BDBD1480D6630007681C /* ViewController.m */,
				B2D7BDBF1480D6640007681C /* ViewController.xib */,
				B2D7BDB11480D6630007681C /* Supporting Files */,
			);
			path = Sample3;
			sourceTree = "<group>";
		};
		B2D7BDB11480D6630007681C /* Supporting Files */ = {
			isa = PBXGroup;
			children = (
				B2D7BDB21480D6630007681C /* Sample3-Info.plist */,
				B2D7BDB31480D6630007681C /* InfoPlist.strings */,
				B2D7BDB61480D6630007681C /* main.m */,
				B2D7BDB81480D6630007681C /* Sample3-Prefix.pch */,
			);
			name = "Supporting Files";
			sourceTree = "<group>";
		};
		B2D7BDCE1480D6640007681C /* Sample3Tests */ = {
			isa = PBXGroup;
			children = (
				B2D7BDD41480D6640007681C /* Sample3Tests.h */,
				B2D7BDD51480D6640007681C /* Sample3Tests.m */,
				B2D7BDCF1480D6640007681C /* Supporting Files */,
			);
			path = Sample3Tests;
			sourceTree = "<group>";
		};
		B2D7BDCF1480D6640007681C /* Supporting Files */ = {
			isa = PBXGroup;
			children = (
				B2D7BDD01480D6640007681C /* Sample3Tests-Info.plist */,
				B2D7BDD11480D6640007681C /* InfoPlist.strings */,
			);
			name = "Supporting Files";
			sourceTree = "<group>";
		};
/* End PBXGroup section */

/* Begin PBXNativeTarget section */
		B2D7BDA51480D6630007681C /* Sample3 */ = {
			isa = PBXNativeTarget;
			buildConfigurationList = B2D7BDD91480D6640007681C /* Build configuration list for PBXNativeTarget "Sample3" */;
			buildPhases = (
				B2D7BDA21480D6630007681C /* Sources */,
				B2D7BDA31480D6630007681C /* Frameworks */,
				B2D7BDA41480D6630007681C /* Resources */,
			);
			buildRules = (
			);
			dependencies = (
			);
			name = Sample3;
			productName = Sample3;
			productReference = B2D7BDA61480D6630007681C /* Sample3.app */;
			productType = "com.apple.product-type.application";
		};
		B2D7BDC61480D6640007681C /* Sample3Tests */ = {
			isa = PBXNativeTarget;
			buildConfigurationList = B2D7BDDC1480D6640007681C /* Build configuration list for PBXNativeTarget "Sample3Tests" */;
			buildPhases = (
				B2D7BDC21480D6640007681C /* Sources */,
				B2D7BDC31480D6640007681C /* Frameworks */,
				B2D7BDC41480D6640007681C /* Resources */,
				B2D7BDC51480D6640007681C /* ShellScript */,
			);
			buildRules = (
			);
			dependencies = (
				B2D7BDCD1480D6640007681C /* PBXTargetDependency */,
			);
			name = Sample3Tests;
			productName = Sample3Tests;
			productReference = B2D7BDC71480D6640007681C /* Sample3Tests.octest */;
			productType = "com.apple.product-type.bundle";
		};
/* End PBXNativeTarget section */

/* Begin PBXProject section */
		B2D7BD9D1480D6630007681C /* Project object */ = {
			isa = PBXProject;
			attributes = {
				LastUpgradeCheck = 0420;
				ORGANIZATIONNAME = tokyokoukadigaku;
			};
			buildConfigurationList = B2D7BDA01480D6630007681C /* Build configuration list for PBXProject "Sample3" */;
			compatibilityVersion = "Xcode 3.2";
			developmentRegion = English;
			hasScannedForEncodings = 0;
			knownRegions = (
				en,
			);
			mainGroup = B2D7BD9B1480D6630007681C;
			productRefGroup = B2D7BDA71480D6630007681C /* Products */;
			projectDirPath = "";
			projectRoot = "";
			targets = (
				B2D7BDA51480D6630007681C /* Sample3 */,
				B2D7BDC61480D6640007681C /* Sample3Tests */,
			);
		};
/* End PBXProject section */

/* Begin PBXResourcesBuildPhase section */
		B2D7BDA41480D6630007681C /* Resources */ = {
			isa = PBXResourcesBuildPhase;
			buildActionMask = 2147483647;
			files = (
				B2D7BDB51480D6630007681C /* InfoPlist.strings in Resources */,
				B2D7BDC11480D6640007681C /* ViewController.xib in Resources */,
			);
			runOnlyForDeploymentPostprocessing = 0;
		};
		B2D7BDC41480D6640007681C /* Resources */ = {
			isa = PBXResourcesBuildPhase;
			buildActionMask = 2147483647;
			files = (
				B2D7BDD31480D6640007681C /* InfoPlist.strings in Resources */,
			);
			runOnlyForDeploymentPostprocessing = 0;
		};
/* End PBXResourcesBuildPhase section */

/* Begin PBXShellScriptBuildPhase section */
		B2D7BDC51480D6640007681C /* ShellScript */ = {
			isa = PBXShellScriptBuildPhase;
			buildActionMask = 2147483647;
			files = (
			);
			inputPaths = (
			);
			outputPaths = (
			);
			runOnlyForDeploymentPostprocessing = 0;
			shellPath = /bin/sh;
			shellScript = "# Run the unit tests in this test bundle.\n\"${SYSTEM_DEVELOPER_DIR}/Tools/RunUnitTests\"\n";
		};
/* End PBXShellScriptBuildPhase section */

/* Begin PBXSourcesBuildPhase section */
		B2D7BDA21480D6630007681C /* Sources */ = {
			isa = PBXSourcesBuildPhase;
			buildActionMask = 2147483647;
			files = (
				B2D7BDB71480D6630007681C /* main.m in Sources */,
				B2D7BDBB1480D6630007681C /* AppDelegate.m in Sources */,
				B2D7BDBE1480D6630007681C /* ViewController.m in Sources */,
			);
			runOnlyForDeploymentPostprocessing = 0;
		};
		B2D7BDC21480D6640007681C /* Sources */ = {
			isa = PBXSourcesBuildPhase;
			buildActionMask = 2147483647;
			files = (
				B2D7BDD61480D6640007681C /* Sample3Tests.m in Sources */,
			);
			runOnlyForDeploymentPostprocessing = 0;
		};
/* End PBXSourcesBuildPhase section */

/* Begin PBXTargetDependency section */
		B2D7BDCD1480D6640007681C /* PBXTargetDependency */ = {
			isa = PBXTargetDependency;
			target = B2D7BDA51480D6630007681C /* Sample3 */;
			targetProxy = B2D7BDCC1480D6640007681C /* PBXContainerItemProxy */;
		};
/* End PBXTargetDependency section */

/* Begin PBXVariantGroup section */
		B2D7BDB31480D6630007681C /* InfoPlist.strings */ = {
			isa = PBXVariantGroup;
			children = (
				B2D7BDB41480D6630007681C /* en */,
			);
			name = InfoPlist.strings;
			sourceTree = "<group>";
		};
		B2D7BDBF1480D6640007681C /* ViewController.xib */ = {
			isa = PBXVariantGroup;
			children = (
				B2D7BDC01480D6640007681C /* en */,
			);
			name = ViewController.xib;
			sourceTree = "<group>";
		};
		B2D7BDD11480D6640007681C /* InfoPlist.strings */ = {
			isa = PBXVariantGroup;
			children = (
				B2D7BDD21480D6640007681C /* en */,
			);
			name = InfoPlist.strings;
			sourceTree = "<group>";
		};
/* End PBXVariantGroup section */

/* Begin XCBuildConfiguration section */
		B2D7BDD71480D6640007681C /* Debug */ = {
			isa = XCBuildConfiguration;
			buildSettings = {
				ALWAYS_SEARCH_USER_PATHS = NO;
				ARCHS = "$(ARCHS_STANDARD_32_BIT)";
				COPY_PHASE_STRIP = NO;
				GCC_C_LANGUAGE_STANDARD = gnu99;
				GCC_DYNAMIC_NO_PIC = NO;
				GCC_OPTIMIZATION_LEVEL = 0;
				GCC_PREPROCESSOR_DEFINITIONS = (
					"DEBUG=1",
					"$(inherited)",
				);
				GCC_SYMBOLS_PRIVATE_EXTERN = NO;
				GCC_VERSION = com.apple.compilers.llvm.clang.1_0;
				GCC_WARN_ABOUT_MISSING_PROTOTYPES = YES;
				GCC_WARN_ABOUT_RETURN_TYPE = YES;
				GCC_WARN_UNUSED_VARIABLE = YES;
				IPHONEOS_DEPLOYMENT_TARGET = 5.0;
				SDKROOT = iphoneos;
			};
			name = Debug;
		};
		B2D7BDD81480D6640007681C /* Release */ = {
			isa = XCBuildConfiguration;
			buildSettings = {
				ALWAYS_SEARCH_USER_PATHS = NO;
				ARCHS = "$(ARCHS_STANDARD_32_BIT)";
				COPY_PHASE_STRIP = YES;
				GCC_C_LANGUAGE_STANDARD = gnu99;
				GCC_VERSION = com.apple.compilers.llvm.clang.1_0;
				GCC_WARN_ABOUT_MISSING_PROTOTYPES = YES;
				GCC_WARN_ABOUT_RETURN_TYPE = YES;
				GCC_WARN_UNUSED_VARIABLE = YES;
				IPHONEOS_DEPLOYMENT_TARGET = 5.0;
				OTHER_CFLAGS = "-DNS_BLOCK_ASSERTIONS=1";
				SDKROOT = iphoneos;
				VALIDATE_PRODUCT = YES;
			};
			name = Release;
		};
		B2D7BDDA1480D6640007681C /* Debug */ = {
			isa = XCBuildConfiguration;
			buildSettings = {
				GCC_PRECOMPILE_PREFIX_HEADER = YES;
				GCC_PREFIX_HEADER = "Sample3/Sample3-Prefix.pch";
				INFOPLIST_FILE = "Sample3/Sample3-Info.plist";
				PRODUCT_NAME = "$(TARGET_NAME)";
				WRAPPER_EXTENSION = app;
			};
			name = Debug;
		};
		B2D7BDDB1480D6640007681C /* Release */ = {
			isa = XCBuildConfiguration;
			buildSettings = {
				GCC_PRECOMPILE_PREFIX_HEADER = YES;
				GCC_PREFIX_HEADER = "Sample3/Sample3-Prefix.pch";
				INFOPLIST_FILE = "Sample3/Sample3-Info.plist";
				PRODUCT_NAME = "$(TARGET_NAME)";
				WRAPPER_EXTENSION = app;
			};
			name = Release;
		};
		B2D7BDDD1480D6640007681C /* Debug */ = {
			isa = XCBuildConfiguration;
			buildSettings = {
				BUNDLE_LOADER = "$(BUILT_PRODUCTS_DIR)/Sample3.app/Sample3";
				FRAMEWORK_SEARCH_PATHS = (
					"$(SDKROOT)/Developer/Library/Frameworks",
					"$(DEVELOPER_LIBRARY_DIR)/Frameworks",
				);
				GCC_PRECOMPILE_PREFIX_HEADER = YES;
				GCC_PREFIX_HEADER = "Sample3/Sample3-Prefix.pch";
				INFOPLIST_FILE = "Sample3Tests/Sample3Tests-Info.plist";
				PRODUCT_NAME = "$(TARGET_NAME)";
				TEST_HOST = "$(BUNDLE_LOADER)";
				WRAPPER_EXTENSION = octest;
			};
			name = Debug;
		};
		B2D7BDDE1480D6640007681C /* Release */ = {
			isa = XCBuildConfiguration;
			buildSettings = {
				BUNDLE_LOADER = "$(BUILT_PRODUCTS_DIR)/Sample3.app/Sample3";
				FRAMEWORK_SEARCH_PATHS = (
					"$(SDKROOT)/Developer/Library/Frameworks",
					"$(DEVELOPER_LIBRARY_DIR)/Frameworks",
				);
				GCC_PRECOMPILE_PREFIX_HEADER = YES;
				GCC_PREFIX_HEADER = "Sample3/Sample3-Prefix.pch";
				INFOPLIST_FILE = "Sample3Tests/Sample3Tests-Info.plist";
				PRODUCT_NAME = "$(TARGET_NAME)";
				TEST_HOST = "$(BUNDLE_LOADER)";
				WRAPPER_EXTENSION = octest;
			};
			name = Release;
		};
/* End XCBuildConfiguration section */

/* Begin XCConfigurationList section */
		B2D7BDA01480D6630007681C /* Build configuration list for PBXProject "Sample3" */ = {
			isa = XCConfigurationList;
			buildConfigurations = (
				B2D7BDD71480D6640007681C /* Debug */,
				B2D7BDD81480D6640007681C /* Release */,
			);
			defaultConfigurationIsVisible = 0;
			defaultConfigurationName = Release;
		};
		B2D7BDD91480D6640007681C /* Build configuration list for PBXNativeTarget "Sample3" */ = {
			isa = XCConfigurationList;
			buildConfigurations = (
				B2D7BDDA1480D6640007681C /* Debug */,
				B2D7BDDB1480D6640007681C /* Release */,
			);
			defaultConfigurationIsVisible = 0;
		};
		B2D7BDDC1480D6640007681C /* Build configuration list for PBXNativeTarget "Sample3Tests" */ = {
			isa = XCConfigurationList;
			buildConfigurations = (
				B2D7BDDD1480D6640007681C /* Debug */,
				B2D7BDDE1480D6640007681C /* Release */,
			);
			defaultConfigurationIsVisible = 0;
		};
/* End XCConfigurationList section */
	};
	rootObject = B2D7BD9D1480D6630007681C /* Project object */;
}
